
Microsoft Visual Studio Solution File, Format Version 12.00
# Visual Studio Version 17
VisualStudioVersion = 17.0.31903.59
MinimumVisualStudioVersion = 10.0.40219.1
Project("{2150E333-8FDC-42A3-9474-1A3956D46DE8}") = "src", "src", "{2C809A8C-FDEB-45D0-8FDA-859B680AF510}"
EndProject
Project("{FAE04EC0-301F-11D3-BF4B-00C04F79EFBC}") = "Quadro.Core", "src\Quadro.Core\Quadro.Core.csproj", "{424CA54F-985F-4D4C-A254-1B8F3338A846}"
EndProject
Project("{FAE04EC0-301F-11D3-BF4B-00C04F79EFBC}") = "Quadro.Web", "src\Quadro.Web\Quadro.Web.csproj", "{D88A32D7-26BB-463F-83EF-38B4BB88ED41}"
EndProject
Project("{2150E333-8FDC-42A3-9474-1A3956D46DE8}") = "tests", "tests", "{3D555FF7-20D6-49B4-8837-B8EAC7B57B92}"
EndProject
Project("{FAE04EC0-301F-11D3-BF4B-00C04F79EFBC}") = "Quadro.Tests", "tests\Quadro.Tests\Quadro.Tests.csproj", "{2B8FA8DE-ECB0-4009-9A20-41E53892D94C}"
EndProject
Global
	GlobalSection(SolutionConfigurationPlatforms) = preSolution
		Debug|Any CPU = Debug|Any CPU
		Release|Any CPU = Release|Any CPU
	EndGlobalSection
	GlobalSection(SolutionProperties) = preSolution
		HideSolutionNode = FALSE
	EndGlobalSection
	GlobalSection(ProjectConfigurationPlatforms) = postSolution
		{424CA54F-985F-4D4C-A254-1B8F3338A846}.Debug|Any CPU.ActiveCfg = Debug|Any CPU
		{424CA54F-985F-4D4C-A254-1B8F3338A846}.Debug|Any CPU.Build.0 = Debug|Any CPU
		{424CA54F-985F-4D4C-A254-1B8F3338A846}.Release|Any CPU.ActiveCfg = Release|Any CPU
		{424CA54F-985F-4D4C-A254-1B8F3338A846}.Release|Any CPU.Build.0 = Release|Any CPU
		{D88A32D7-26BB-463F-83EF-38B4BB88ED41}.Debug|Any CPU.ActiveCfg = Debug|Any CPU
		{D88A32D7-26BB-463F-83EF-38B4BB88ED41}.Debug|Any CPU.Build.0 = Debug|Any CPU
		{D88A32D7-26BB-463F-83EF-38B4BB88ED41}.Release|Any CPU.ActiveCfg = Release|Any CPU
		{D88A32D7-26BB-463F-83EF-38B4BB88ED41}.Release|Any CPU.Build.0 = Release|Any CPU
		{2B8FA8DE-ECB0-4009-9A20-41E53892D94C}.Debug|Any CPU.ActiveCfg = Debug|Any CPU
		{2B8FA8DE-ECB0-4009-9A20-41E53892D94C}.Debug|Any CPU.Build.0 = Debug|Any CPU
		{2B8FA8DE-ECB0-4009-9A20-41E53892D94C}.Release|Any CPU.ActiveCfg = Release|Any CPU
		{2B8FA8DE-ECB0-4009-9A20-41E53892D94C}.Release|Any CPU.Build.0 = Release|Any CPU
	EndGlobalSection
	GlobalSection(NestedProjects) = preSolution
		{424CA54F-985F-4D4C-A254-1B8F3338A846} = {2C809A8C-FDEB-45D0-8FDA-859B680AF510}
		{D88A32D7-26BB-463F-83EF-38B4BB88ED41} = {2C809A8C-FDEB-45D0-8FDA-859B680AF510}
		{2B8FA8DE-ECB0-4009-9A20-41E53892D94C} = {3D555FF7-20D6-49B4-8837-B8EAC7B57B92}
	EndGlobalSection
EndGlobal
